{
  "version": "5",
  "specifiers": {
    "jsr:@std/assert@^1.0.15": "1.0.15",
    "jsr:@std/encoding@^1.0.10": "1.0.10",
    "jsr:@std/internal@^1.0.12": "1.0.12",
    "npm:@octokit/graphql-schema@^15.26.0": "15.26.0_graphql@16.11.0",
    "npm:@octokit/graphql@^9.0.2": "9.0.2"
  },
  "jsr": {
    "@std/assert@1.0.15": {
      "integrity": "d64018e951dbdfab9777335ecdb000c0b4e3df036984083be219ce5941e4703b",
      "dependencies": [
        "jsr:@std/internal"
      ]
    },
    "@std/encoding@1.0.10": {
      "integrity": "8783c6384a2d13abd5e9e87a7ae0520a30e9f56aeeaa3bdf910a3eaaf5c811a1"
    },
    "@std/internal@1.0.12": {
      "integrity": "972a634fd5bc34b242024402972cd5143eac68d8dffaca5eaa4dba30ce17b027"
    }
  },
  "npm": {
    "@octokit/endpoint@11.0.1": {
      "integrity": "sha512-7P1dRAZxuWAOPI7kXfio88trNi/MegQ0IJD3vfgC3b+LZo1Qe6gRJc2v0mz2USWWJOKrB2h5spXCzGbw+fAdqA==",
      "dependencies": [
        "@octokit/types",
        "universal-user-agent"
      ]
    },
    "@octokit/graphql-schema@15.26.0_graphql@16.11.0": {
      "integrity": "sha512-SoVbh+sXe9nsoweFbLT3tAk3XWYbYLs5ku05wij1zhyQ2U3lewdrhjo5Tb7lfaOGWNHSkPZT4uuPZp8neF7P7A==",
      "dependencies": [
        "graphql",
        "graphql-tag"
      ]
    },
    "@octokit/graphql@9.0.2": {
      "integrity": "sha512-iz6KzZ7u95Fzy9Nt2L8cG88lGRMr/qy1Q36ih/XVzMIlPDMYwaNLE/ENhqmIzgPrlNWiYJkwmveEetvxAgFBJw==",
      "dependencies": [
        "@octokit/request",
        "@octokit/types",
        "universal-user-agent"
      ]
    },
    "@octokit/openapi-types@26.0.0": {
      "integrity": "sha512-7AtcfKtpo77j7Ts73b4OWhOZHTKo/gGY8bB3bNBQz4H+GRSWqx2yvj8TXRsbdTE0eRmYmXOEY66jM7mJ7LzfsA=="
    },
    "@octokit/request-error@7.0.1": {
      "integrity": "sha512-CZpFwV4+1uBrxu7Cw8E5NCXDWFNf18MSY23TdxCBgjw1tXXHvTrZVsXlW8hgFTOLw8RQR1BBrMvYRtuyaijHMA==",
      "dependencies": [
        "@octokit/types"
      ]
    },
    "@octokit/request@10.0.5": {
      "integrity": "sha512-TXnouHIYLtgDhKo+N6mXATnDBkV05VwbR0TtMWpgTHIoQdRQfCSzmy/LGqR1AbRMbijq/EckC/E3/ZNcU92NaQ==",
      "dependencies": [
        "@octokit/endpoint",
        "@octokit/request-error",
        "@octokit/types",
        "fast-content-type-parse",
        "universal-user-agent"
      ]
    },
    "@octokit/types@15.0.0": {
      "integrity": "sha512-8o6yDfmoGJUIeR9OfYU0/TUJTnMPG2r68+1yEdUeG2Fdqpj8Qetg0ziKIgcBm0RW/j29H41WP37CYCEhp6GoHQ==",
      "dependencies": [
        "@octokit/openapi-types"
      ]
    },
    "fast-content-type-parse@3.0.0": {
      "integrity": "sha512-ZvLdcY8P+N8mGQJahJV5G4U88CSvT1rP8ApL6uETe88MBXrBHAkZlSEySdUlyztF7ccb+Znos3TFqaepHxdhBg=="
    },
    "graphql-tag@2.12.6_graphql@16.11.0": {
      "integrity": "sha512-FdSNcu2QQcWnM2VNvSCCDCVS5PpPqpzgFT8+GXzqJuoDd0CBncxCY278u4mhRO7tMgo2JjgJA5aZ+nWSQ/Z+xg==",
      "dependencies": [
        "graphql",
        "tslib"
      ]
    },
    "graphql@16.11.0": {
      "integrity": "sha512-mS1lbMsxgQj6hge1XZ6p7GPhbrtFwUFYi3wRzXAC/FmYnyXMTvvI3td3rjmQ2u8ewXueaSvRPWaEcgVVOT9Jnw=="
    },
    "tslib@2.8.1": {
      "integrity": "sha512-oJFu94HQb+KVduSUQL7wnpmqnfmLsOA/nAh6b6EH0wCEoK0/mPeXU6c3wKDV83MkOuHPRHtSXKKU99IBazS/2w=="
    },
    "universal-user-agent@7.0.3": {
      "integrity": "sha512-TmnEAEAsBJVZM/AADELsK76llnwcf9vMKuPz8JflO1frO8Lchitr0fNaN9d+Ap0BjKtqWqd/J17qeDnXh8CL2A=="
    }
  },
  "workspace": {
    "dependencies": [
      "jsr:@std/assert@^1.0.15",
      "jsr:@std/encoding@^1.0.10",
      "npm:@octokit/graphql-schema@^15.26.0",
      "npm:@octokit/graphql@^9.0.2"
    ]
  }
}
